
Microsoft Visual Studio Solution File, Format Version 12.00
# Visual Studio Version 17
VisualStudioVersion = 17.0.31912.275
MinimumVisualStudioVersion = 10.0.40219.1
Project("{FAE04EC0-301F-11D3-BF4B-00C04F79EFBC}") = "JenkinsOne", "JenkinsOne\JenkinsOne.csproj", "{D69DE6A6-082B-4ECB-AB87-D0BD09CBBDAF}"
EndProject
Global
	GlobalSection(SolutionConfigurationPlatforms) = preSolution
		Debug|Any CPU = Debug|Any CPU
		Release|Any CPU = Release|Any CPU
	EndGlobalSection
	GlobalSection(ProjectConfigurationPlatforms) = postSolution
		{D69DE6A6-082B-4ECB-AB87-D0BD09CBBDAF}.Debug|Any CPU.ActiveCfg = Debug|Any CPU
		{D69DE6A6-082B-4ECB-AB87-D0BD09CBBDAF}.Debug|Any CPU.Build.0 = Debug|Any CPU
		{D69DE6A6-082B-4ECB-AB87-D0BD09CBBDAF}.Release|Any CPU.ActiveCfg = Release|Any CPU
		{D69DE6A6-082B-4ECB-AB87-D0BD09CBBDAF}.Release|Any CPU.Build.0 = Release|Any CPU
	EndGlobalSection
	GlobalSection(SolutionProperties) = preSolution
		HideSolutionNode = FALSE
	EndGlobalSection
	GlobalSection(ExtensibilityGlobals) = postSolution
		SolutionGuid = {BC54E836-1383-4FB4-91E4-405FDC162EDA}
	EndGlobalSection
EndGlobal
